// !$*UTF8*$!
{
	archiveVersion = 1;
	classes = {
	};
	objectVersion = 46;
	objects = {

/* Begin PBXBuildFile section */
		390724272049C0ED002A8743 /* StartCleaningViewController.swift in Sources */ = {isa = PBXBuildFile; fileRef = 390724262049C0ED002A8743 /* StartCleaningViewController.swift */; };
		3935C61C1F9272E00057438D /* ReportFormSubmissionViewController.swift in Sources */ = {isa = PBXBuildFile; fileRef = 3935C61B1F9272E00057438D /* ReportFormSubmissionViewController.swift */; };
		3935C61F1F9275B40057438D /* selected.png in Resources */ = {isa = PBXBuildFile; fileRef = 3935C61D1F9275B40057438D /* selected.png */; };
		3935C6201F9275B40057438D /* unselected.png in Resources */ = {isa = PBXBuildFile; fileRef = 3935C61E1F9275B40057438D /* unselected.png */; };
		39483AEE1F9352A800301C6A /* ReportSelectBreakageViewController.swift in Sources */ = {isa = PBXBuildFile; fileRef = 39483AED1F9352A800301C6A /* ReportSelectBreakageViewController.swift */; };
		3953CC4E1F91F98D00C5C594 /* splash-screen.png in Resources */ = {isa = PBXBuildFile; fileRef = 3953CC4D1F91F98D00C5C594 /* splash-screen.png */; };
		3953CC501F91FCC500C5C594 /* UserObject.swift in Sources */ = {isa = PBXBuildFile; fileRef = 3953CC4F1F91FCC500C5C594 /* UserObject.swift */; };
		3953CC521F9200FF00C5C594 /* CategoryObject.swift in Sources */ = {isa = PBXBuildFile; fileRef = 3953CC511F9200FF00C5C594 /* CategoryObject.swift */; };
		3953CC551F9205BE00C5C594 /* SingInViewController.swift in Sources */ = {isa = PBXBuildFile; fileRef = 3953CC541F9205BE00C5C594 /* SingInViewController.swift */; };
		3953CC571F9205D500C5C594 /* SignUpViewController.swift in Sources */ = {isa = PBXBuildFile; fileRef = 3953CC561F9205D500C5C594 /* SignUpViewController.swift */; };
		3953CC5F1F92085200C5C594 /* button.png in Resources */ = {isa = PBXBuildFile; fileRef = 3953CC5B1F92085200C5C594 /* button.png */; };
		3953CC601F92085200C5C594 /* icon.png in Resources */ = {isa = PBXBuildFile; fileRef = 3953CC5C1F92085200C5C594 /* icon.png */; };
		3953CC611F92085200C5C594 /* stay_sigin_in_rect.png in Resources */ = {isa = PBXBuildFile; fileRef = 3953CC5D1F92085200C5C594 /* stay_sigin_in_rect.png */; };
		3953CC621F92085200C5C594 /* yellow_line.png in Resources */ = {isa = PBXBuildFile; fileRef = 3953CC5E1F92085200C5C594 /* yellow_line.png */; };
		3953CC651F92086700C5C594 /* 1242X2208.png in Resources */ = {isa = PBXBuildFile; fileRef = 3953CC631F92086700C5C594 /* 1242X2208.png */; };
		3953CC661F92086700C5C594 /* 1536X2048.png in Resources */ = {isa = PBXBuildFile; fileRef = 3953CC641F92086700C5C594 /* 1536X2048.png */; };
		3953CC6D1F920BCF00C5C594 /* lock.png in Resources */ = {isa = PBXBuildFile; fileRef = 3953CC6B1F920BCF00C5C594 /* lock.png */; };
		3953CC6E1F920BCF00C5C594 /* profile.png in Resources */ = {isa = PBXBuildFile; fileRef = 3953CC6C1F920BCF00C5C594 /* profile.png */; };
		3955E7731F9247B60011F64D /* Comic_Bold_Italic.ttf in Resources */ = {isa = PBXBuildFile; fileRef = 3955E76F1F9247330011F64D /* Comic_Bold_Italic.ttf */; };
		3955E7741F9247BA0011F64D /* Comic_Bold.ttf in Resources */ = {isa = PBXBuildFile; fileRef = 3955E7701F9247330011F64D /* Comic_Bold.ttf */; };
		3955E7751F9247BA0011F64D /* Comic_Italic.ttf in Resources */ = {isa = PBXBuildFile; fileRef = 3955E7711F9247330011F64D /* Comic_Italic.ttf */; };
		3955E7761F9247BA0011F64D /* FontAwesome.ttf in Resources */ = {isa = PBXBuildFile; fileRef = 3955E7721F9247330011F64D /* FontAwesome.ttf */; };
		3955E7771F9247BA0011F64D /* Myriad Pro Regular.ttf in Resources */ = {isa = PBXBuildFile; fileRef = 3953CC6F1F920D0200C5C594 /* Myriad Pro Regular.ttf */; };
		3955E7781F9247BA0011F64D /* Comic.ttf in Resources */ = {isa = PBXBuildFile; fileRef = 3953CC6A1F9209D800C5C594 /* Comic.ttf */; };
		3955E77A1F92490A0011F64D /* ReportFormViewController.swift in Sources */ = {isa = PBXBuildFile; fileRef = 3955E7791F92490A0011F64D /* ReportFormViewController.swift */; };
		3955E79D1F924AF20011F64D /* CustomPresentAnimationController.swift in Sources */ = {isa = PBXBuildFile; fileRef = 3955E7941F924AF20011F64D /* CustomPresentAnimationController.swift */; };
		3955E79E1F924AF20011F64D /* DefaultTableView.swift in Sources */ = {isa = PBXBuildFile; fileRef = 3955E7961F924AF20011F64D /* DefaultTableView.swift */; };
		3955E79F1F924AF30011F64D /* Dialog.storyboard in Resources */ = {isa = PBXBuildFile; fileRef = 3955E7971F924AF20011F64D /* Dialog.storyboard */; };
		3955E7A01F924AF30011F64D /* Protocols.swift in Sources */ = {isa = PBXBuildFile; fileRef = 3955E7981F924AF20011F64D /* Protocols.swift */; };
		3955E7A11F924AF30011F64D /* SelectItemViewController.swift in Sources */ = {isa = PBXBuildFile; fileRef = 3955E7991F924AF20011F64D /* SelectItemViewController.swift */; };
		3955E7A21F924AF30011F64D /* Info.plist in Resources */ = {isa = PBXBuildFile; fileRef = 3955E79A1F924AF20011F64D /* Info.plist */; };
		3955E7A31F924AF30011F64D /* SelectItemController.swift in Sources */ = {isa = PBXBuildFile; fileRef = 3955E79C1F924AF20011F64D /* SelectItemController.swift */; };
		3955E7A51F924F600011F64D /* select_one.png in Resources */ = {isa = PBXBuildFile; fileRef = 3955E7A41F924F600011F64D /* select_one.png */; };
		395B6F2F1F96577000B5F513 /* ThankyouViewController.swift in Sources */ = {isa = PBXBuildFile; fileRef = 395B6F2E1F96577000B5F513 /* ThankyouViewController.swift */; };
		395B6F3D1F966B9600B5F513 /* DPDConstants.swift in Sources */ = {isa = PBXBuildFile; fileRef = 395B6F331F966B9600B5F513 /* DPDConstants.swift */; };
		395B6F3E1F966B9600B5F513 /* DPDKeyboardListener.swift in Sources */ = {isa = PBXBuildFile; fileRef = 395B6F341F966B9600B5F513 /* DPDKeyboardListener.swift */; };
		395B6F3F1F966B9600B5F513 /* DPDUIView+Extension.swift in Sources */ = {isa = PBXBuildFile; fileRef = 395B6F351F966B9600B5F513 /* DPDUIView+Extension.swift */; };
		395B6F401F966B9600B5F513 /* Info.plist in Resources */ = {isa = PBXBuildFile; fileRef = 395B6F361F966B9600B5F513 /* Info.plist */; };
		395B6F411F966B9600B5F513 /* DropDownCell.xib in Resources */ = {isa = PBXBuildFile; fileRef = 395B6F381F966B9600B5F513 /* DropDownCell.xib */; };
		395B6F421F966B9600B5F513 /* DropDown+Appearance.swift in Sources */ = {isa = PBXBuildFile; fileRef = 395B6F3A1F966B9600B5F513 /* DropDown+Appearance.swift */; };
		395B6F431F966B9600B5F513 /* DropDown.swift in Sources */ = {isa = PBXBuildFile; fileRef = 395B6F3B1F966B9600B5F513 /* DropDown.swift */; };
		395B6F441F966B9600B5F513 /* DropDownCell.swift in Sources */ = {isa = PBXBuildFile; fileRef = 395B6F3C1F966B9600B5F513 /* DropDownCell.swift */; };
		395B6F461F9671CA00B5F513 /* COMICBO1_1.TTF in Resources */ = {isa = PBXBuildFile; fileRef = 395B6F451F96705B00B5F513 /* COMICBO1_1.TTF */; };
		39FBB0151E6FCFF7009AE7ED /* AppDelegate.swift in Sources */ = {isa = PBXBuildFile; fileRef = 39FBB0141E6FCFF7009AE7ED /* AppDelegate.swift */; };
		39FBB0171E6FCFF7009AE7ED /* ViewController.swift in Sources */ = {isa = PBXBuildFile; fileRef = 39FBB0161E6FCFF7009AE7ED /* ViewController.swift */; };
		39FBB01A1E6FCFF7009AE7ED /* Main.storyboard in Resources */ = {isa = PBXBuildFile; fileRef = 39FBB0181E6FCFF7009AE7ED /* Main.storyboard */; };
		39FBB01C1E6FCFF7009AE7ED /* Assets.xcassets in Resources */ = {isa = PBXBuildFile; fileRef = 39FBB01B1E6FCFF7009AE7ED /* Assets.xcassets */; };
		39FBB01F1E6FCFF7009AE7ED /* LaunchScreen.storyboard in Resources */ = {isa = PBXBuildFile; fileRef = 39FBB01D1E6FCFF7009AE7ED /* LaunchScreen.storyboard */; };
		39FBB02A1E6FCFF8009AE7ED /* MobileTestProjectTests.swift in Sources */ = {isa = PBXBuildFile; fileRef = 39FBB0291E6FCFF8009AE7ED /* MobileTestProjectTests.swift */; };
		39FBB0351E6FCFF8009AE7ED /* MobileTestProjectUITests.swift in Sources */ = {isa = PBXBuildFile; fileRef = 39FBB0341E6FCFF8009AE7ED /* MobileTestProjectUITests.swift */; };
		39FBB0561E6FF710009AE7ED /* BusinessLayer.swift in Sources */ = {isa = PBXBuildFile; fileRef = 39FBB0551E6FF710009AE7ED /* BusinessLayer.swift */; };
		39FBB0591E6FF88D009AE7ED /* Constants.swift in Sources */ = {isa = PBXBuildFile; fileRef = 39FBB0581E6FF88D009AE7ED /* Constants.swift */; };
		7F90982B2D55D227F7FE61B0 /* libPods-MobileTestProject.a in Frameworks */ = {isa = PBXBuildFile; fileRef = 7F0AEA8A33E095E393B4CE6C /* libPods-MobileTestProject.a */; };
/* End PBXBuildFile section */

/* Begin PBXContainerItemProxy section */
		39FBB0261E6FCFF8009AE7ED /* PBXContainerItemProxy */ = {
			isa = PBXContainerItemProxy;
			containerPortal = 39FBB0091E6FCFF7009AE7ED /* Project object */;
			proxyType = 1;
			remoteGlobalIDString = 39FBB0101E6FCFF7009AE7ED;
			remoteInfo = MobileTestProject;
		};
		39FBB0311E6FCFF8009AE7ED /* PBXContainerItemProxy */ = {
			isa = PBXContainerItemProxy;
			containerPortal = 39FBB0091E6FCFF7009AE7ED /* Project object */;
			proxyType = 1;
			remoteGlobalIDString = 39FBB0101E6FCFF7009AE7ED;
			remoteInfo = MobileTestProject;
		};
/* End PBXContainerItemProxy section */

/* Begin PBXFileReference section */
		390724262049C0ED002A8743 /* StartCleaningViewController.swift */ = {isa = PBXFileReference; lastKnownFileType = sourcecode.swift; path = StartCleaningViewController.swift; sourceTree = "<group>"; };
		3935C61B1F9272E00057438D /* ReportFormSubmissionViewController.swift */ = {isa = PBXFileReference; fileEncoding = 4; lastKnownFileType = sourcecode.swift; path = ReportFormSubmissionViewController.swift; sourceTree = "<group>"; };
		3935C61D1F9275B40057438D /* selected.png */ = {isa = PBXFileReference; lastKnownFileType = image.png; path = selected.png; sourceTree = "<group>"; };
		3935C61E1F9275B40057438D /* unselected.png */ = {isa = PBXFileReference; lastKnownFileType = image.png; path = unselected.png; sourceTree = "<group>"; };
		39483AED1F9352A800301C6A /* ReportSelectBreakageViewController.swift */ = {isa = PBXFileReference; fileEncoding = 4; lastKnownFileType = sourcecode.swift; path = ReportSelectBreakageViewController.swift; sourceTree = "<group>"; };
		3953CC4D1F91F98D00C5C594 /* splash-screen.png */ = {isa = PBXFileReference; lastKnownFileType = image.png; path = "splash-screen.png"; sourceTree = "<group>"; };
		3953CC4F1F91FCC500C5C594 /* UserObject.swift */ = {isa = PBXFileReference; fileEncoding = 4; lastKnownFileType = sourcecode.swift; path = UserObject.swift; sourceTree = "<group>"; };
		3953CC511F9200FF00C5C594 /* CategoryObject.swift */ = {isa = PBXFileReference; fileEncoding = 4; lastKnownFileType = sourcecode.swift; path = CategoryObject.swift; sourceTree = "<group>"; };
		3953CC541F9205BE00C5C594 /* SingInViewController.swift */ = {isa = PBXFileReference; fileEncoding = 4; lastKnownFileType = sourcecode.swift; path = SingInViewController.swift; sourceTree = "<group>"; };
		3953CC561F9205D500C5C594 /* SignUpViewController.swift */ = {isa = PBXFileReference; fileEncoding = 4; lastKnownFileType = sourcecode.swift; path = SignUpViewController.swift; sourceTree = "<group>"; };
		3953CC5B1F92085200C5C594 /* button.png */ = {isa = PBXFileReference; lastKnownFileType = image.png; path = button.png; sourceTree = "<group>"; };
		3953CC5C1F92085200C5C594 /* icon.png */ = {isa = PBXFileReference; lastKnownFileType = image.png; path = icon.png; sourceTree = "<group>"; };
		3953CC5D1F92085200C5C594 /* stay_sigin_in_rect.png */ = {isa = PBXFileReference; lastKnownFileType = image.png; path = stay_sigin_in_rect.png; sourceTree = "<group>"; };
		3953CC5E1F92085200C5C594 /* yellow_line.png */ = {isa = PBXFileReference; lastKnownFileType = image.png; path = yellow_line.png; sourceTree = "<group>"; };
		3953CC631F92086700C5C594 /* 1242X2208.png */ = {isa = PBXFileReference; lastKnownFileType = image.png; path = 1242X2208.png; sourceTree = "<group>"; };
		3953CC641F92086700C5C594 /* 1536X2048.png */ = {isa = PBXFileReference; lastKnownFileType = image.png; path = 1536X2048.png; sourceTree = "<group>"; };
		3953CC6A1F9209D800C5C594 /* Comic.ttf */ = {isa = PBXFileReference; lastKnownFileType = file; path = Comic.ttf; sourceTree = "<group>"; };
		3953CC6B1F920BCF00C5C594 /* lock.png */ = {isa = PBXFileReference; lastKnownFileType = image.png; path = lock.png; sourceTree = "<group>"; };
		3953CC6C1F920BCF00C5C594 /* profile.png */ = {isa = PBXFileReference; lastKnownFileType = image.png; path = profile.png; sourceTree = "<group>"; };
		3953CC6F1F920D0200C5C594 /* Myriad Pro Regular.ttf */ = {isa = PBXFileReference; lastKnownFileType = file; path = "Myriad Pro Regular.ttf"; sourceTree = "<group>"; };
		3955E76F1F9247330011F64D /* Comic_Bold_Italic.ttf */ = {isa = PBXFileReference; lastKnownFileType = file; path = Comic_Bold_Italic.ttf; sourceTree = "<group>"; };
		3955E7701F9247330011F64D /* Comic_Bold.ttf */ = {isa = PBXFileReference; lastKnownFileType = file; path = Comic_Bold.ttf; sourceTree = "<group>"; };
		3955E7711F9247330011F64D /* Comic_Italic.ttf */ = {isa = PBXFileReference; lastKnownFileType = file; path = Comic_Italic.ttf; sourceTree = "<group>"; };
		3955E7721F9247330011F64D /* FontAwesome.ttf */ = {isa = PBXFileReference; lastKnownFileType = file; path = FontAwesome.ttf; sourceTree = "<group>"; };
		3955E7791F92490A0011F64D /* ReportFormViewController.swift */ = {isa = PBXFileReference; fileEncoding = 4; lastKnownFileType = sourcecode.swift; path = ReportFormViewController.swift; sourceTree = "<group>"; };
		3955E7941F924AF20011F64D /* CustomPresentAnimationController.swift */ = {isa = PBXFileReference; fileEncoding = 4; lastKnownFileType = sourcecode.swift; path = CustomPresentAnimationController.swift; sourceTree = "<group>"; };
		3955E7961F924AF20011F64D /* DefaultTableView.swift */ = {isa = PBXFileReference; fileEncoding = 4; lastKnownFileType = sourcecode.swift; path = DefaultTableView.swift; sourceTree = "<group>"; };
		3955E7971F924AF20011F64D /* Dialog.storyboard */ = {isa = PBXFileReference; fileEncoding = 4; lastKnownFileType = file.storyboard; path = Dialog.storyboard; sourceTree = "<group>"; };
		3955E7981F924AF20011F64D /* Protocols.swift */ = {isa = PBXFileReference; fileEncoding = 4; lastKnownFileType = sourcecode.swift; path = Protocols.swift; sourceTree = "<group>"; };
		3955E7991F924AF20011F64D /* SelectItemViewController.swift */ = {isa = PBXFileReference; fileEncoding = 4; lastKnownFileType = sourcecode.swift; path = SelectItemViewController.swift; sourceTree = "<group>"; };
		3955E79A1F924AF20011F64D /* Info.plist */ = {isa = PBXFileReference; fileEncoding = 4; lastKnownFileType = text.plist.xml; path = Info.plist; sourceTree = "<group>"; };
		3955E79B1F924AF20011F64D /* SelectItemController.h */ = {isa = PBXFileReference; fileEncoding = 4; lastKnownFileType = sourcecode.c.h; path = SelectItemController.h; sourceTree = "<group>"; };
		3955E79C1F924AF20011F64D /* SelectItemController.swift */ = {isa = PBXFileReference; fileEncoding = 4; lastKnownFileType = sourcecode.swift; path = SelectItemController.swift; sourceTree = "<group>"; };
		3955E7A41F924F600011F64D /* select_one.png */ = {isa = PBXFileReference; lastKnownFileType = image.png; path = select_one.png; sourceTree = "<group>"; };
		395B6F2E1F96577000B5F513 /* ThankyouViewController.swift */ = {isa = PBXFileReference; fileEncoding = 4; lastKnownFileType = sourcecode.swift; path = ThankyouViewController.swift; sourceTree = "<group>"; };
		395B6F311F966B9600B5F513 /* DropDown.h */ = {isa = PBXFileReference; fileEncoding = 4; lastKnownFileType = sourcecode.c.h; path = DropDown.h; sourceTree = "<group>"; };
		395B6F331F966B9600B5F513 /* DPDConstants.swift */ = {isa = PBXFileReference; fileEncoding = 4; lastKnownFileType = sourcecode.swift; path = DPDConstants.swift; sourceTree = "<group>"; };
		395B6F341F966B9600B5F513 /* DPDKeyboardListener.swift */ = {isa = PBXFileReference; fileEncoding = 4; lastKnownFileType = sourcecode.swift; path = DPDKeyboardListener.swift; sourceTree = "<group>"; };
		395B6F351F966B9600B5F513 /* DPDUIView+Extension.swift */ = {isa = PBXFileReference; fileEncoding = 4; lastKnownFileType = sourcecode.swift; path = "DPDUIView+Extension.swift"; sourceTree = "<group>"; };
		395B6F361F966B9600B5F513 /* Info.plist */ = {isa = PBXFileReference; fileEncoding = 4; lastKnownFileType = text.plist.xml; path = Info.plist; sourceTree = "<group>"; };
		395B6F381F966B9600B5F513 /* DropDownCell.xib */ = {isa = PBXFileReference; fileEncoding = 4; lastKnownFileType = file.xib; path = DropDownCell.xib; sourceTree = "<group>"; };
		395B6F3A1F966B9600B5F513 /* DropDown+Appearance.swift */ = {isa = PBXFileReference; fileEncoding = 4; lastKnownFileType = sourcecode.swift; path = "DropDown+Appearance.swift"; sourceTree = "<group>"; };
		395B6F3B1F966B9600B5F513 /* DropDown.swift */ = {isa = PBXFileReference; fileEncoding = 4; lastKnownFileType = sourcecode.swift; path = DropDown.swift; sourceTree = "<group>"; };
		395B6F3C1F966B9600B5F513 /* DropDownCell.swift */ = {isa = PBXFileReference; fileEncoding = 4; lastKnownFileType = sourcecode.swift; path = DropDownCell.swift; sourceTree = "<group>"; };
		395B6F451F96705B00B5F513 /* COMICBO1_1.TTF */ = {isa = PBXFileReference; lastKnownFileType = file; path = COMICBO1_1.TTF; sourceTree = "<group>"; };
		39FBB0111E6FCFF7009AE7ED /* MobileTestProject.app */ = {isa = PBXFileReference; explicitFileType = wrapper.application; includeInIndex = 0; path = MobileTestProject.app; sourceTree = BUILT_PRODUCTS_DIR; };
		39FBB0141E6FCFF7009AE7ED /* AppDelegate.swift */ = {isa = PBXFileReference; lastKnownFileType = sourcecode.swift; path = AppDelegate.swift; sourceTree = "<group>"; };
		39FBB0161E6FCFF7009AE7ED /* ViewController.swift */ = {isa = PBXFileReference; lastKnownFileType = sourcecode.swift; path = ViewController.swift; sourceTree = "<group>"; };
		39FBB0191E6FCFF7009AE7ED /* Base */ = {isa = PBXFileReference; lastKnownFileType = file.storyboard; name = Base; path = Base.lproj/Main.storyboard; sourceTree = "<group>"; };
		39FBB01B1E6FCFF7009AE7ED /* Assets.xcassets */ = {isa = PBXFileReference; lastKnownFileType = folder.assetcatalog; path = Assets.xcassets; sourceTree = "<group>"; };
		39FBB01E1E6FCFF7009AE7ED /* Base */ = {isa = PBXFileReference; lastKnownFileType = file.storyboard; name = Base; path = Base.lproj/LaunchScreen.storyboard; sourceTree = "<group>"; };
		39FBB0201E6FCFF7009AE7ED /* Info.plist */ = {isa = PBXFileReference; lastKnownFileType = text.plist.xml; path = Info.plist; sourceTree = "<group>"; };
		39FBB0251E6FCFF8009AE7ED /* MobileTestProjectTests.xctest */ = {isa = PBXFileReference; explicitFileType = wrapper.cfbundle; includeInIndex = 0; path = MobileTestProjectTests.xctest; sourceTree = BUILT_PRODUCTS_DIR; };
		39FBB0291E6FCFF8009AE7ED /* MobileTestProjectTests.swift */ = {isa = PBXFileReference; lastKnownFileType = sourcecode.swift; path = MobileTestProjectTests.swift; sourceTree = "<group>"; };
		39FBB02B1E6FCFF8009AE7ED /* Info.plist */ = {isa = PBXFileReference; lastKnownFileType = text.plist.xml; path = Info.plist; sourceTree = "<group>"; };
		39FBB0301E6FCFF8009AE7ED /* MobileTestProjectUITests.xctest */ = {isa = PBXFileReference; explicitFileType = wrapper.cfbundle; includeInIndex = 0; path = MobileTestProjectUITests.xctest; sourceTree = BUILT_PRODUCTS_DIR; };
		39FBB0341E6FCFF8009AE7ED /* MobileTestProjectUITests.swift */ = {isa = PBXFileReference; lastKnownFileType = sourcecode.swift; path = MobileTestProjectUITests.swift; sourceTree = "<group>"; };
		39FBB0361E6FCFF8009AE7ED /* Info.plist */ = {isa = PBXFileReference; lastKnownFileType = text.plist.xml; path = Info.plist; sourceTree = "<group>"; };
		39FBB0551E6FF710009AE7ED /* BusinessLayer.swift */ = {isa = PBXFileReference; fileEncoding = 4; lastKnownFileType = sourcecode.swift; path = BusinessLayer.swift; sourceTree = "<group>"; };
		39FBB0581E6FF88D009AE7ED /* Constants.swift */ = {isa = PBXFileReference; fileEncoding = 4; lastKnownFileType = sourcecode.swift; path = Constants.swift; sourceTree = "<group>"; };
		39FBB05A1E6FFA8E009AE7ED /* MobileTestProject-swift.h */ = {isa = PBXFileReference; fileEncoding = 4; lastKnownFileType = sourcecode.c.h; path = "MobileTestProject-swift.h"; sourceTree = "<group>"; };
		47B97ED41670350CFB099E67 /* Pods_MobileTestProjectTests.framework */ = {isa = PBXFileReference; explicitFileType = wrapper.framework; includeInIndex = 0; path = Pods_MobileTestProjectTests.framework; sourceTree = BUILT_PRODUCTS_DIR; };
		7F0AEA8A33E095E393B4CE6C /* libPods-MobileTestProject.a */ = {isa = PBXFileReference; explicitFileType = archive.ar; includeInIndex = 0; path = "libPods-MobileTestProject.a"; sourceTree = BUILT_PRODUCTS_DIR; };
		8758DD7603C20A38C8B7CB7E /* Pods-MobileTestProject.release.xcconfig */ = {isa = PBXFileReference; includeInIndex = 1; lastKnownFileType = text.xcconfig; name = "Pods-MobileTestProject.release.xcconfig"; path = "Pods/Target Support Files/Pods-MobileTestProject/Pods-MobileTestProject.release.xcconfig"; sourceTree = "<group>"; };
		C8C1EDBDBFFE35DDBA1D13B3 /* Pods_MobileTestProjectUITests.framework */ = {isa = PBXFileReference; explicitFileType = wrapper.framework; includeInIndex = 0; path = Pods_MobileTestProjectUITests.framework; sourceTree = BUILT_PRODUCTS_DIR; };
		E3743B76659EDCEE3B65BBA4 /* Pods-MobileTestProject.debug.xcconfig */ = {isa = PBXFileReference; includeInIndex = 1; lastKnownFileType = text.xcconfig; name = "Pods-MobileTestProject.debug.xcconfig"; path = "Pods/Target Support Files/Pods-MobileTestProject/Pods-MobileTestProject.debug.xcconfig"; sourceTree = "<group>"; };
/* End PBXFileReference section */

/* Begin PBXFrameworksBuildPhase section */
		39FBB00E1E6FCFF7009AE7ED /* Frameworks */ = {
			isa = PBXFrameworksBuildPhase;
			buildActionMask = 2147483647;
			files = (
				7F90982B2D55D227F7FE61B0 /* libPods-MobileTestProject.a in Frameworks */,
			);
			runOnlyForDeploymentPostprocessing = 0;
		};
		39FBB0221E6FCFF8009AE7ED /* Frameworks */ = {
			isa = PBXFrameworksBuildPhase;
			buildActionMask = 2147483647;
			files = (
			);
			runOnlyForDeploymentPostprocessing = 0;
		};
		39FBB02D1E6FCFF8009AE7ED /* Frameworks */ = {
			isa = PBXFrameworksBuildPhase;
			buildActionMask = 2147483647;
			files = (
			);
			runOnlyForDeploymentPostprocessing = 0;
		};
/* End PBXFrameworksBuildPhase section */

/* Begin PBXGroup section */
		011E1C53B50D0F8DC68AC2AB /* Frameworks */ = {
			isa = PBXGroup;
			children = (
				47B97ED41670350CFB099E67 /* Pods_MobileTestProjectTests.framework */,
				C8C1EDBDBFFE35DDBA1D13B3 /* Pods_MobileTestProjectUITests.framework */,
				7F0AEA8A33E095E393B4CE6C /* libPods-MobileTestProject.a */,
			);
			name = Frameworks;
			sourceTree = "<group>";
		};
		3953CC531F9205A300C5C594 /* ViewControllers */ = {
			isa = PBXGroup;
			children = (
				39FBB0161E6FCFF7009AE7ED /* ViewController.swift */,
				3953CC541F9205BE00C5C594 /* SingInViewController.swift */,
				3953CC561F9205D500C5C594 /* SignUpViewController.swift */,
				3955E7791F92490A0011F64D /* ReportFormViewController.swift */,
				3935C61B1F9272E00057438D /* ReportFormSubmissionViewController.swift */,
				39483AED1F9352A800301C6A /* ReportSelectBreakageViewController.swift */,
				395B6F2E1F96577000B5F513 /* ThankyouViewController.swift */,
				390724262049C0ED002A8743 /* StartCleaningViewController.swift */,
			);
			name = ViewControllers;
			sourceTree = "<group>";
		};
		3953CC581F9207DC00C5C594 /* Fonts */ = {
			isa = PBXGroup;
			children = (
				395B6F451F96705B00B5F513 /* COMICBO1_1.TTF */,
				3955E76F1F9247330011F64D /* Comic_Bold_Italic.ttf */,
				3955E7701F9247330011F64D /* Comic_Bold.ttf */,
				3955E7711F9247330011F64D /* Comic_Italic.ttf */,
				3955E7721F9247330011F64D /* FontAwesome.ttf */,
				3953CC6F1F920D0200C5C594 /* Myriad Pro Regular.ttf */,
				3953CC6A1F9209D800C5C594 /* Comic.ttf */,
			);
			name = Fonts;
			sourceTree = "<group>";
		};
		3955E7931F924AF20011F64D /* SelectItemController */ = {
			isa = PBXGroup;
			children = (
				3955E7941F924AF20011F64D /* CustomPresentAnimationController.swift */,
				3955E7951F924AF20011F64D /* Dialog */,
				3955E79A1F924AF20011F64D /* Info.plist */,
				3955E79B1F924AF20011F64D /* SelectItemController.h */,
				3955E79C1F924AF20011F64D /* SelectItemController.swift */,
			);
			path = SelectItemController;
			sourceTree = "<group>";
		};
		3955E7951F924AF20011F64D /* Dialog */ = {
			isa = PBXGroup;
			children = (
				3955E7961F924AF20011F64D /* DefaultTableView.swift */,
				3955E7971F924AF20011F64D /* Dialog.storyboard */,
				3955E7981F924AF20011F64D /* Protocols.swift */,
				3955E7991F924AF20011F64D /* SelectItemViewController.swift */,
			);
			path = Dialog;
			sourceTree = "<group>";
		};
		395B6F301F966B9600B5F513 /* DropDown */ = {
			isa = PBXGroup;
			children = (
				395B6F311F966B9600B5F513 /* DropDown.h */,
				395B6F321F966B9600B5F513 /* helpers */,
				395B6F361F966B9600B5F513 /* Info.plist */,
				395B6F371F966B9600B5F513 /* resources */,
				395B6F391F966B9600B5F513 /* src */,
			);
			path = DropDown;
			sourceTree = "<group>";
		};
		395B6F321F966B9600B5F513 /* helpers */ = {
			isa = PBXGroup;
			children = (
				395B6F331F966B9600B5F513 /* DPDConstants.swift */,
				395B6F341F966B9600B5F513 /* DPDKeyboardListener.swift */,
				395B6F351F966B9600B5F513 /* DPDUIView+Extension.swift */,
			);
			path = helpers;
			sourceTree = "<group>";
		};
		395B6F371F966B9600B5F513 /* resources */ = {
			isa = PBXGroup;
			children = (
				395B6F381F966B9600B5F513 /* DropDownCell.xib */,
			);
			path = resources;
			sourceTree = "<group>";
		};
		395B6F391F966B9600B5F513 /* src */ = {
			isa = PBXGroup;
			children = (
				395B6F3A1F966B9600B5F513 /* DropDown+Appearance.swift */,
				395B6F3B1F966B9600B5F513 /* DropDown.swift */,
				395B6F3C1F966B9600B5F513 /* DropDownCell.swift */,
			);
			path = src;
			sourceTree = "<group>";
		};
		39FBB0081E6FCFF7009AE7ED = {
			isa = PBXGroup;
			children = (
				39FBB05A1E6FFA8E009AE7ED /* MobileTestProject-swift.h */,
				39FBB0131E6FCFF7009AE7ED /* MobileTestProject */,
				39FBB0281E6FCFF8009AE7ED /* MobileTestProjectTests */,
				39FBB0331E6FCFF8009AE7ED /* MobileTestProjectUITests */,
				39FBB0121E6FCFF7009AE7ED /* Products */,
				75E2177638CE53A2FEEA5071 /* Pods */,
				011E1C53B50D0F8DC68AC2AB /* Frameworks */,
			);
			sourceTree = "<group>";
		};
		39FBB0121E6FCFF7009AE7ED /* Products */ = {
			isa = PBXGroup;
			children = (
				39FBB0111E6FCFF7009AE7ED /* MobileTestProject.app */,
				39FBB0251E6FCFF8009AE7ED /* MobileTestProjectTests.xctest */,
				39FBB0301E6FCFF8009AE7ED /* MobileTestProjectUITests.xctest */,
			);
			name = Products;
			sourceTree = "<group>";
		};
		39FBB0131E6FCFF7009AE7ED /* MobileTestProject */ = {
			isa = PBXGroup;
			children = (
				395B6F301F966B9600B5F513 /* DropDown */,
				3955E7931F924AF20011F64D /* SelectItemController */,
				3953CC581F9207DC00C5C594 /* Fonts */,
				3953CC531F9205A300C5C594 /* ViewControllers */,
				39FBB05B1E701B53009AE7ED /* Images */,
				39FBB0571E6FF87C009AE7ED /* ConstantsLayer */,
				39FBB0541E6FF700009AE7ED /* BusinessLayer */,
				39FBB0421E6FD85E009AE7ED /* Model */,
				39FBB0141E6FCFF7009AE7ED /* AppDelegate.swift */,
				39FBB0181E6FCFF7009AE7ED /* Main.storyboard */,
				39FBB01B1E6FCFF7009AE7ED /* Assets.xcassets */,
				39FBB01D1E6FCFF7009AE7ED /* LaunchScreen.storyboard */,
				39FBB0201E6FCFF7009AE7ED /* Info.plist */,
			);
			path = MobileTestProject;
			sourceTree = "<group>";
		};
		39FBB0281E6FCFF8009AE7ED /* MobileTestProjectTests */ = {
			isa = PBXGroup;
			children = (
				39FBB0291E6FCFF8009AE7ED /* MobileTestProjectTests.swift */,
				39FBB02B1E6FCFF8009AE7ED /* Info.plist */,
			);
			path = MobileTestProjectTests;
			sourceTree = "<group>";
		};
		39FBB0331E6FCFF8009AE7ED /* MobileTestProjectUITests */ = {
			isa = PBXGroup;
			children = (
				39FBB0341E6FCFF8009AE7ED /* MobileTestProjectUITests.swift */,
				39FBB0361E6FCFF8009AE7ED /* Info.plist */,
			);
			path = MobileTestProjectUITests;
			sourceTree = "<group>";
		};
		39FBB0421E6FD85E009AE7ED /* Model */ = {
			isa = PBXGroup;
			children = (
				3953CC4F1F91FCC500C5C594 /* UserObject.swift */,
				3953CC511F9200FF00C5C594 /* CategoryObject.swift */,
			);
			path = Model;
			sourceTree = "<group>";
		};
		39FBB0541E6FF700009AE7ED /* BusinessLayer */ = {
			isa = PBXGroup;
			children = (
				39FBB0551E6FF710009AE7ED /* BusinessLayer.swift */,
			);
			name = BusinessLayer;
			sourceTree = "<group>";
		};
		39FBB0571E6FF87C009AE7ED /* ConstantsLayer */ = {
			isa = PBXGroup;
			children = (
				39FBB0581E6FF88D009AE7ED /* Constants.swift */,
			);
			name = ConstantsLayer;
			sourceTree = "<group>";
		};
		39FBB05B1E701B53009AE7ED /* Images */ = {
			isa = PBXGroup;
			children = (
				3953CC631F92086700C5C594 /* 1242X2208.png */,
				3953CC641F92086700C5C594 /* 1536X2048.png */,
				3953CC6B1F920BCF00C5C594 /* lock.png */,
				3955E7A41F924F600011F64D /* select_one.png */,
				3953CC6C1F920BCF00C5C594 /* profile.png */,
				3953CC5B1F92085200C5C594 /* button.png */,
				3953CC5C1F92085200C5C594 /* icon.png */,
				3935C61D1F9275B40057438D /* selected.png */,
				3935C61E1F9275B40057438D /* unselected.png */,
				3953CC5D1F92085200C5C594 /* stay_sigin_in_rect.png */,
				3953CC5E1F92085200C5C594 /* yellow_line.png */,
				3953CC4D1F91F98D00C5C594 /* splash-screen.png */,
			);
			path = Images;
			sourceTree = "<group>";
		};
		75E2177638CE53A2FEEA5071 /* Pods */ = {
			isa = PBXGroup;
			children = (
				E3743B76659EDCEE3B65BBA4 /* Pods-MobileTestProject.debug.xcconfig */,
				8758DD7603C20A38C8B7CB7E /* Pods-MobileTestProject.release.xcconfig */,
			);
			name = Pods;
			sourceTree = "<group>";
		};
/* End PBXGroup section */

/* Begin PBXNativeTarget section */
		39FBB0101E6FCFF7009AE7ED /* MobileTestProject */ = {
			isa = PBXNativeTarget;
			buildConfigurationList = 39FBB0391E6FCFF8009AE7ED /* Build configuration list for PBXNativeTarget "MobileTestProject" */;
			buildPhases = (
				654E2BC9BA75EADE2D9F1FCE /* [CP] Check Pods Manifest.lock */,
				39FBB00D1E6FCFF7009AE7ED /* Sources */,
				39FBB00E1E6FCFF7009AE7ED /* Frameworks */,
				39FBB00F1E6FCFF7009AE7ED /* Resources */,
				24E7C54833BC39C82F2A5CAA /* [CP] Embed Pods Frameworks */,
				9886CC74F4625235CF50BEA8 /* [CP] Copy Pods Resources */,
			);
			buildRules = (
			);
			dependencies = (
			);
			name = MobileTestProject;
			productName = MobileTestProject;
			productReference = 39FBB0111E6FCFF7009AE7ED /* MobileTestProject.app */;
			productType = "com.apple.product-type.application";
		};
		39FBB0241E6FCFF8009AE7ED /* MobileTestProjectTests */ = {
			isa = PBXNativeTarget;
			buildConfigurationList = 39FBB03C1E6FCFF8009AE7ED /* Build configuration list for PBXNativeTarget "MobileTestProjectTests" */;
			buildPhases = (
				39FBB0211E6FCFF8009AE7ED /* Sources */,
				39FBB0221E6FCFF8009AE7ED /* Frameworks */,
				39FBB0231E6FCFF8009AE7ED /* Resources */,
			);
			buildRules = (
			);
			dependencies = (
				39FBB0271E6FCFF8009AE7ED /* PBXTargetDependency */,
			);
			name = MobileTestProjectTests;
			productName = MobileTestProjectTests;
			productReference = 39FBB0251E6FCFF8009AE7ED /* MobileTestProjectTests.xctest */;
			productType = "com.apple.product-type.bundle.unit-test";
		};
		39FBB02F1E6FCFF8009AE7ED /* MobileTestProjectUITests */ = {
			isa = PBXNativeTarget;
			buildConfigurationList = 39FBB03F1E6FCFF8009AE7ED /* Build configuration list for PBXNativeTarget "MobileTestProjectUITests" */;
			buildPhases = (
				39FBB02C1E6FCFF8009AE7ED /* Sources */,
				39FBB02D1E6FCFF8009AE7ED /* Frameworks */,
				39FBB02E1E6FCFF8009AE7ED /* Resources */,
			);
			buildRules = (
			);
			dependencies = (
				39FBB0321E6FCFF8009AE7ED /* PBXTargetDependency */,
			);
			name = MobileTestProjectUITests;
			productName = MobileTestProjectUITests;
			productReference = 39FBB0301E6FCFF8009AE7ED /* MobileTestProjectUITests.xctest */;
			productType = "com.apple.product-type.bundle.ui-testing";
		};
/* End PBXNativeTarget section */

/* Begin PBXProject section */
		39FBB0091E6FCFF7009AE7ED /* Project object */ = {
			isa = PBXProject;
			attributes = {
				LastSwiftUpdateCheck = 0820;
				LastUpgradeCheck = 0820;
				ORGANIZATIONNAME = Arkhitech;
				TargetAttributes = {
					39FBB0101E6FCFF7009AE7ED = {
						CreatedOnToolsVersion = 8.2.1;
						DevelopmentTeam = 6J372757GL;
						ProvisioningStyle = Manual;
					};
					39FBB0241E6FCFF8009AE7ED = {
						CreatedOnToolsVersion = 8.2.1;
						DevelopmentTeam = AR93S3V49U;
						ProvisioningStyle = Automatic;
						TestTargetID = 39FBB0101E6FCFF7009AE7ED;
					};
					39FBB02F1E6FCFF8009AE7ED = {
						CreatedOnToolsVersion = 8.2.1;
						DevelopmentTeam = AR93S3V49U;
						ProvisioningStyle = Automatic;
						TestTargetID = 39FBB0101E6FCFF7009AE7ED;
					};
				};
			};
			buildConfigurationList = 39FBB00C1E6FCFF7009AE7ED /* Build configuration list for PBXProject "LydiaApp" */;
			compatibilityVersion = "Xcode 3.2";
			developmentRegion = English;
			hasScannedForEncodings = 0;
			knownRegions = (
				en,
				Base,
			);
			mainGroup = 39FBB0081E6FCFF7009AE7ED;
			productRefGroup = 39FBB0121E6FCFF7009AE7ED /* Products */;
			projectDirPath = "";
			projectRoot = "";
			targets = (
				39FBB0101E6FCFF7009AE7ED /* MobileTestProject */,
				39FBB0241E6FCFF8009AE7ED /* MobileTestProjectTests */,
				39FBB02F1E6FCFF8009AE7ED /* MobileTestProjectUITests */,
			);
		};
/* End PBXProject section */

/* Begin PBXResourcesBuildPhase section */
		39FBB00F1E6FCFF7009AE7ED /* Resources */ = {
			isa = PBXResourcesBuildPhase;
			buildActionMask = 2147483647;
			files = (
				3955E7731F9247B60011F64D /* Comic_Bold_Italic.ttf in Resources */,
				395B6F461F9671CA00B5F513 /* COMICBO1_1.TTF in Resources */,
				3955E7771F9247BA0011F64D /* Myriad Pro Regular.ttf in Resources */,
				3935C6201F9275B40057438D /* unselected.png in Resources */,
				3953CC5F1F92085200C5C594 /* button.png in Resources */,
				3953CC651F92086700C5C594 /* 1242X2208.png in Resources */,
				39FBB01F1E6FCFF7009AE7ED /* LaunchScreen.storyboard in Resources */,
				3955E7761F9247BA0011F64D /* FontAwesome.ttf in Resources */,
				3953CC621F92085200C5C594 /* yellow_line.png in Resources */,
				3955E7751F9247BA0011F64D /* Comic_Italic.ttf in Resources */,
				395B6F401F966B9600B5F513 /* Info.plist in Resources */,
				3953CC4E1F91F98D00C5C594 /* splash-screen.png in Resources */,
				3955E7A21F924AF30011F64D /* Info.plist in Resources */,
				3953CC6D1F920BCF00C5C594 /* lock.png in Resources */,
				3953CC601F92085200C5C594 /* icon.png in Resources */,
				3955E7741F9247BA0011F64D /* Comic_Bold.ttf in Resources */,
				3953CC6E1F920BCF00C5C594 /* profile.png in Resources */,
				3955E79F1F924AF30011F64D /* Dialog.storyboard in Resources */,
				3953CC611F92085200C5C594 /* stay_sigin_in_rect.png in Resources */,
				39FBB01C1E6FCFF7009AE7ED /* Assets.xcassets in Resources */,
				395B6F411F966B9600B5F513 /* DropDownCell.xib in Resources */,
				3935C61F1F9275B40057438D /* selected.png in Resources */,
				39FBB01A1E6FCFF7009AE7ED /* Main.storyboard in Resources */,
				3953CC661F92086700C5C594 /* 1536X2048.png in Resources */,
				3955E7781F9247BA0011F64D /* Comic.ttf in Resources */,
				3955E7A51F924F600011F64D /* select_one.png in Resources */,
			);
			runOnlyForDeploymentPostprocessing = 0;
		};
		39FBB0231E6FCFF8009AE7ED /* Resources */ = {
			isa = PBXResourcesBuildPhase;
			buildActionMask = 2147483647;
			files = (
			);
			runOnlyForDeploymentPostprocessing = 0;
		};
		39FBB02E1E6FCFF8009AE7ED /* Resources */ = {
			isa = PBXResourcesBuildPhase;
			buildActionMask = 2147483647;
			files = (
			);
			runOnlyForDeploymentPostprocessing = 0;
		};
/* End PBXResourcesBuildPhase section */

/* Begin PBXShellScriptBuildPhase section */
		24E7C54833BC39C82F2A5CAA /* [CP] Embed Pods Frameworks */ = {
			isa = PBXShellScriptBuildPhase;
			buildActionMask = 2147483647;
			files = (
			);
			inputPaths = (
			);
			name = "[CP] Embed Pods Frameworks";
			outputPaths = (
			);
			runOnlyForDeploymentPostprocessing = 0;
			shellPath = /bin/sh;
			shellScript = "\"${SRCROOT}/Pods/Target Support Files/Pods-MobileTestProject/Pods-MobileTestProject-frameworks.sh\"\n";
			showEnvVarsInLog = 0;
		};
		654E2BC9BA75EADE2D9F1FCE /* [CP] Check Pods Manifest.lock */ = {
			isa = PBXShellScriptBuildPhase;
			buildActionMask = 2147483647;
			files = (
			);
			inputPaths = (
			);
			name = "[CP] Check Pods Manifest.lock";
			outputPaths = (
			);
			runOnlyForDeploymentPostprocessing = 0;
			shellPath = /bin/sh;
			shellScript = "diff \"${PODS_PODFILE_DIR_PATH}/Podfile.lock\" \"${PODS_ROOT}/Manifest.lock\" > /dev/null\nif [ $? != 0 ] ; then\n    # print error to STDERR\n    echo \"error: The sandbox is not in sync with the Podfile.lock. Run 'pod install' or update your CocoaPods installation.\" >&2\n    exit 1\nfi\n";
			showEnvVarsInLog = 0;
		};
		9886CC74F4625235CF50BEA8 /* [CP] Copy Pods Resources */ = {
			isa = PBXShellScriptBuildPhase;
			buildActionMask = 2147483647;
			files = (
			);
			inputPaths = (
			);
			name = "[CP] Copy Pods Resources";
			outputPaths = (
			);
			runOnlyForDeploymentPostprocessing = 0;
			shellPath = /bin/sh;
			shellScript = "\"${SRCROOT}/Pods/Target Support Files/Pods-MobileTestProject/Pods-MobileTestProject-resources.sh\"\n";
			showEnvVarsInLog = 0;
		};
/* End PBXShellScriptBuildPhase section */

/* Begin PBXSourcesBuildPhase section */
		39FBB00D1E6FCFF7009AE7ED /* Sources */ = {
			isa = PBXSourcesBuildPhase;
			buildActionMask = 2147483647;
			files = (
				39483AEE1F9352A800301C6A /* ReportSelectBreakageViewController.swift in Sources */,
				3955E77A1F92490A0011F64D /* ReportFormViewController.swift in Sources */,
				3953CC551F9205BE00C5C594 /* SingInViewController.swift in Sources */,
				3955E7A31F924AF30011F64D /* SelectItemController.swift in Sources */,
				39FBB0171E6FCFF7009AE7ED /* ViewController.swift in Sources */,
				3955E7A01F924AF30011F64D /* Protocols.swift in Sources */,
				395B6F3D1F966B9600B5F513 /* DPDConstants.swift in Sources */,
				39FBB0591E6FF88D009AE7ED /* Constants.swift in Sources */,
				3953CC521F9200FF00C5C594 /* CategoryObject.swift in Sources */,
				395B6F3F1F966B9600B5F513 /* DPDUIView+Extension.swift in Sources */,
				3953CC571F9205D500C5C594 /* SignUpViewController.swift in Sources */,
				3935C61C1F9272E00057438D /* ReportFormSubmissionViewController.swift in Sources */,
				395B6F2F1F96577000B5F513 /* ThankyouViewController.swift in Sources */,
				39FBB0561E6FF710009AE7ED /* BusinessLayer.swift in Sources */,
				390724272049C0ED002A8743 /* StartCleaningViewController.swift in Sources */,
				3955E79D1F924AF20011F64D /* CustomPresentAnimationController.swift in Sources */,
				3955E79E1F924AF20011F64D /* DefaultTableView.swift in Sources */,
				395B6F441F966B9600B5F513 /* DropDownCell.swift in Sources */,
				3955E7A11F924AF30011F64D /* SelectItemViewController.swift in Sources */,
				395B6F421F966B9600B5F513 /* DropDown+Appearance.swift in Sources */,
				39FBB0151E6FCFF7009AE7ED /* AppDelegate.swift in Sources */,
				395B6F3E1F966B9600B5F513 /* DPDKeyboardListener.swift in Sources */,
				395B6F431F966B9600B5F513 /* DropDown.swift in Sources */,
				3953CC501F91FCC500C5C594 /* UserObject.swift in Sources */,
			);
			runOnlyForDeploymentPostprocessing = 0;
		};
		39FBB0211E6FCFF8009AE7ED /* Sources */ = {
			isa = PBXSourcesBuildPhase;
			buildActionMask = 2147483647;
			files = (
				39FBB02A1E6FCFF8009AE7ED /* MobileTestProjectTests.swift in Sources */,
			);
			runOnlyForDeploymentPostprocessing = 0;
		};
		39FBB02C1E6FCFF8009AE7ED /* Sources */ = {
			isa = PBXSourcesBuildPhase;
			buildActionMask = 2147483647;
			files = (
				39FBB0351E6FCFF8009AE7ED /* MobileTestProjectUITests.swift in Sources */,
			);
			runOnlyForDeploymentPostprocessing = 0;
		};
/* End PBXSourcesBuildPhase section */

/* Begin PBXTargetDependency section */
		39FBB0271E6FCFF8009AE7ED /* PBXTargetDependency */ = {
			isa = PBXTargetDependency;
			target = 39FBB0101E6FCFF7009AE7ED /* MobileTestProject */;
			targetProxy = 39FBB0261E6FCFF8009AE7ED /* PBXContainerItemProxy */;
		};
		39FBB0321E6FCFF8009AE7ED /* PBXTargetDependency */ = {
			isa = PBXTargetDependency;
			target = 39FBB0101E6FCFF7009AE7ED /* MobileTestProject */;
			targetProxy = 39FBB0311E6FCFF8009AE7ED /* PBXContainerItemProxy */;
		};
/* End PBXTargetDependency section */

/* Begin PBXVariantGroup section */
		39FBB0181E6FCFF7009AE7ED /* Main.storyboard */ = {
			isa = PBXVariantGroup;
			children = (
				39FBB0191E6FCFF7009AE7ED /* Base */,
			);
			name = Main.storyboard;
			sourceTree = "<group>";
		};
		39FBB01D1E6FCFF7009AE7ED /* LaunchScreen.storyboard */ = {
			isa = PBXVariantGroup;
			children = (
				39FBB01E1E6FCFF7009AE7ED /* Base */,
			);
			name = LaunchScreen.storyboard;
			sourceTree = "<group>";
		};
/* End PBXVariantGroup section */

/* Begin XCBuildConfiguration section */
		39FBB0371E6FCFF8009AE7ED /* Debug */ = {
			isa = XCBuildConfiguration;
			buildSettings = {
				ALWAYS_SEARCH_USER_PATHS = NO;
				CLANG_ANALYZER_NONNULL = YES;
				CLANG_CXX_LANGUAGE_STANDARD = "gnu++0x";
				CLANG_CXX_LIBRARY = "libc++";
				CLANG_ENABLE_MODULES = YES;
				CLANG_ENABLE_OBJC_ARC = YES;
				CLANG_WARN_BOOL_CONVERSION = YES;
				CLANG_WARN_CONSTANT_CONVERSION = YES;
				CLANG_WARN_DIRECT_OBJC_ISA_USAGE = YES_ERROR;
				CLANG_WARN_DOCUMENTATION_COMMENTS = YES;
				CLANG_WARN_EMPTY_BODY = YES;
				CLANG_WARN_ENUM_CONVERSION = YES;
				CLANG_WARN_INFINITE_RECURSION = YES;
				CLANG_WARN_INT_CONVERSION = YES;
				CLANG_WARN_OBJC_ROOT_CLASS = YES_ERROR;
				CLANG_WARN_SUSPICIOUS_MOVE = YES;
				CLANG_WARN_UNREACHABLE_CODE = YES;
				CLANG_WARN__DUPLICATE_METHOD_MATCH = YES;
				"CODE_SIGN_IDENTITY[sdk=iphoneos*]" = "iPhone Developer";
				COPY_PHASE_STRIP = NO;
				DEBUG_INFORMATION_FORMAT = dwarf;
				ENABLE_STRICT_OBJC_MSGSEND = YES;
				ENABLE_TESTABILITY = YES;
				GCC_C_LANGUAGE_STANDARD = gnu99;
				GCC_DYNAMIC_NO_PIC = NO;
				GCC_NO_COMMON_BLOCKS = YES;
				GCC_OPTIMIZATION_LEVEL = 0;
				GCC_PREPROCESSOR_DEFINITIONS = (
					"DEBUG=1",
					"$(inherited)",
				);
				GCC_WARN_64_TO_32_BIT_CONVERSION = YES;
				GCC_WARN_ABOUT_RETURN_TYPE = YES_ERROR;
				GCC_WARN_UNDECLARED_SELECTOR = YES;
				GCC_WARN_UNINITIALIZED_AUTOS = YES_AGGRESSIVE;
				GCC_WARN_UNUSED_FUNCTION = YES;
				GCC_WARN_UNUSED_VARIABLE = YES;
				IPHONEOS_DEPLOYMENT_TARGET = 10.2;
				MTL_ENABLE_DEBUG_INFO = YES;
				ONLY_ACTIVE_ARCH = YES;
				SDKROOT = iphoneos;
				SWIFT_ACTIVE_COMPILATION_CONDITIONS = DEBUG;
				SWIFT_OBJC_BRIDGING_HEADER = "MobileTestProject-swift.h";
				SWIFT_OBJC_INTERFACE_HEADER_NAME = "";
				SWIFT_OPTIMIZATION_LEVEL = "-Onone";
				SWIFT_VERSION = "";
			};
			name = Debug;
		};
		39FBB0381E6FCFF8009AE7ED /* Release */ = {
			isa = XCBuildConfiguration;
			buildSettings = {
				ALWAYS_SEARCH_USER_PATHS = NO;
				CLANG_ANALYZER_NONNULL = YES;
				CLANG_CXX_LANGUAGE_STANDARD = "gnu++0x";
				CLANG_CXX_LIBRARY = "libc++";
				CLANG_ENABLE_MODULES = YES;
				CLANG_ENABLE_OBJC_ARC = YES;
				CLANG_WARN_BOOL_CONVERSION = YES;
				CLANG_WARN_CONSTANT_CONVERSION = YES;
				CLANG_WARN_DIRECT_OBJC_ISA_USAGE = YES_ERROR;
				CLANG_WARN_DOCUMENTATION_COMMENTS = YES;
				CLANG_WARN_EMPTY_BODY = YES;
				CLANG_WARN_ENUM_CONVERSION = YES;
				CLANG_WARN_INFINITE_RECURSION = YES;
				CLANG_WARN_INT_CONVERSION = YES;
				CLANG_WARN_OBJC_ROOT_CLASS = YES_ERROR;
				CLANG_WARN_SUSPICIOUS_MOVE = YES;
				CLANG_WARN_UNREACHABLE_CODE = YES;
				CLANG_WARN__DUPLICATE_METHOD_MATCH = YES;
				"CODE_SIGN_IDENTITY[sdk=iphoneos*]" = "iPhone Developer";
				COPY_PHASE_STRIP = NO;
				DEBUG_INFORMATION_FORMAT = "dwarf-with-dsym";
				ENABLE_NS_ASSERTIONS = NO;
				ENABLE_STRICT_OBJC_MSGSEND = YES;
				GCC_C_LANGUAGE_STANDARD = gnu99;
				GCC_NO_COMMON_BLOCKS = YES;
				GCC_WARN_64_TO_32_BIT_CONVERSION = YES;
				GCC_WARN_ABOUT_RETURN_TYPE = YES_ERROR;
				GCC_WARN_UNDECLARED_SELECTOR = YES;
				GCC_WARN_UNINITIALIZED_AUTOS = YES_AGGRESSIVE;
				GCC_WARN_UNUSED_FUNCTION = YES;
				GCC_WARN_UNUSED_VARIABLE = YES;
				IPHONEOS_DEPLOYMENT_TARGET = 10.2;
				MTL_ENABLE_DEBUG_INFO = NO;
				SDKROOT = iphoneos;
				SWIFT_OBJC_BRIDGING_HEADER = "MobileTestProject-swift.h";
				SWIFT_OBJC_INTERFACE_HEADER_NAME = "";
				SWIFT_OPTIMIZATION_LEVEL = "-Owholemodule";
				SWIFT_VERSION = "";
				VALIDATE_PRODUCT = YES;
			};
			name = Release;
		};
		39FBB03A1E6FCFF8009AE7ED /* Debug */ = {
			isa = XCBuildConfiguration;
			baseConfigurationReference = E3743B76659EDCEE3B65BBA4 /* Pods-MobileTestProject.debug.xcconfig */;
			buildSettings = {
				ASSETCATALOG_COMPILER_APPICON_NAME = AppIcon;
				"CODE_SIGN_IDENTITY[sdk=iphoneos*]" = "iPhone Distribution";
				CODE_SIGN_STYLE = Manual;
				DEVELOPMENT_TEAM = 6J372757GL;
				INFOPLIST_FILE = MobileTestProject/Info.plist;
				LD_RUNPATH_SEARCH_PATHS = "$(inherited) @executable_path/Frameworks";
				PRODUCT_BUNDLE_IDENTIFIER = com.lydia.mountains;
				PRODUCT_NAME = "$(TARGET_NAME)";
				PROVISIONING_PROFILE = "75e94c6e-f6c9-48d8-9917-516ce8ebc4a4";
				PROVISIONING_PROFILE_SPECIFIER = dist;
				SWIFT_OBJC_INTERFACE_HEADER_NAME = "";
				SWIFT_VERSION = 3.0;
			};
			name = Debug;
		};
		39FBB03B1E6FCFF8009AE7ED /* Release */ = {
			isa = XCBuildConfiguration;
			baseConfigurationReference = 8758DD7603C20A38C8B7CB7E /* Pods-MobileTestProject.release.xcconfig */;
			buildSettings = {
				ASSETCATALOG_COMPILER_APPICON_NAME = AppIcon;
				"CODE_SIGN_IDENTITY[sdk=iphoneos*]" = "iPhone Distribution";
				CODE_SIGN_STYLE = Manual;
				DEVELOPMENT_TEAM = 6J372757GL;
				INFOPLIST_FILE = MobileTestProject/Info.plist;
				LD_RUNPATH_SEARCH_PATHS = "$(inherited) @executable_path/Frameworks";
				PRODUCT_BUNDLE_IDENTIFIER = com.lydia.mountains;
				PRODUCT_NAME = "$(TARGET_NAME)";
				PROVISIONING_PROFILE = "75e94c6e-f6c9-48d8-9917-516ce8ebc4a4";
				PROVISIONING_PROFILE_SPECIFIER = dist;
				SWIFT_OBJC_INTERFACE_HEADER_NAME = "";
				SWIFT_VERSION = 3.0;
			};
			name = Release;
		};
		39FBB03D1E6FCFF8009AE7ED /* Debug */ = {
			isa = XCBuildConfiguration;
			buildSettings = {
				ALWAYS_EMBED_SWIFT_STANDARD_LIBRARIES = YES;
				BUNDLE_LOADER = "$(TEST_HOST)";
				DEVELOPMENT_TEAM = AR93S3V49U;
				INFOPLIST_FILE = MobileTestProjectTests/Info.plist;
				LD_RUNPATH_SEARCH_PATHS = "$(inherited) @executable_path/Frameworks @loader_path/Frameworks";
				PRODUCT_BUNDLE_IDENTIFIER = com.arkhitech.mobileTest.MobileTestProjectTests;
				PRODUCT_NAME = "$(TARGET_NAME)";
				SWIFT_VERSION = 3.0;
				TEST_HOST = "$(BUILT_PRODUCTS_DIR)/MobileTestProject.app/MobileTestProject";
			};
			name = Debug;
		};
		39FBB03E1E6FCFF8009AE7ED /* Release */ = {
			isa = XCBuildConfiguration;
			buildSettings = {
				ALWAYS_EMBED_SWIFT_STANDARD_LIBRARIES = YES;
				BUNDLE_LOADER = "$(TEST_HOST)";
				DEVELOPMENT_TEAM = AR93S3V49U;
				INFOPLIST_FILE = MobileTestProjectTests/Info.plist;
				LD_RUNPATH_SEARCH_PATHS = "$(inherited) @executable_path/Frameworks @loader_path/Frameworks";
				PRODUCT_BUNDLE_IDENTIFIER = com.arkhitech.mobileTest.MobileTestProjectTests;
				PRODUCT_NAME = "$(TARGET_NAME)";
				SWIFT_VERSION = 3.0;
				TEST_HOST = "$(BUILT_PRODUCTS_DIR)/MobileTestProject.app/MobileTestProject";
			};
			name = Release;
		};
		39FBB0401E6FCFF8009AE7ED /* Debug */ = {
			isa = XCBuildConfiguration;
			buildSettings = {
				ALWAYS_EMBED_SWIFT_STANDARD_LIBRARIES = YES;
				DEVELOPMENT_TEAM = AR93S3V49U;
				INFOPLIST_FILE = MobileTestProjectUITests/Info.plist;
				LD_RUNPATH_SEARCH_PATHS = "$(inherited) @executable_path/Frameworks @loader_path/Frameworks";
				PRODUCT_BUNDLE_IDENTIFIER = com.arkhitech.mobileTest.MobileTestProjectUITests;
				PRODUCT_NAME = "$(TARGET_NAME)";
				SWIFT_VERSION = 3.0;
				TEST_TARGET_NAME = MobileTestProject;
			};
			name = Debug;
		};
		39FBB0411E6FCFF8009AE7ED /* Release */ = {
			isa = XCBuildConfiguration;
			buildSettings = {
				ALWAYS_EMBED_SWIFT_STANDARD_LIBRARIES = YES;
				DEVELOPMENT_TEAM = AR93S3V49U;
				INFOPLIST_FILE = MobileTestProjectUITests/Info.plist;
				LD_RUNPATH_SEARCH_PATHS = "$(inherited) @executable_path/Frameworks @loader_path/Frameworks";
				PRODUCT_BUNDLE_IDENTIFIER = com.arkhitech.mobileTest.MobileTestProjectUITests;
				PRODUCT_NAME = "$(TARGET_NAME)";
				SWIFT_VERSION = 3.0;
				TEST_TARGET_NAME = MobileTestProject;
			};
			name = Release;
		};
/* End XCBuildConfiguration section */

/* Begin XCConfigurationList section */
		39FBB00C1E6FCFF7009AE7ED /* Build configuration list for PBXProject "LydiaApp" */ = {
			isa = XCConfigurationList;
			buildConfigurations = (
				39FBB0371E6FCFF8009AE7ED /* Debug */,
				39FBB0381E6FCFF8009AE7ED /* Release */,
			);
			defaultConfigurationIsVisible = 0;
			defaultConfigurationName = Release;
		};
		39FBB0391E6FCFF8009AE7ED /* Build configuration list for PBXNativeTarget "MobileTestProject" */ = {
			isa = XCConfigurationList;
			buildConfigurations = (
				39FBB03A1E6FCFF8009AE7ED /* Debug */,
				39FBB03B1E6FCFF8009AE7ED /* Release */,
			);
			defaultConfigurationIsVisible = 0;
			defaultConfigurationName = Release;
		};
		39FBB03C1E6FCFF8009AE7ED /* Build configuration list for PBXNativeTarget "MobileTestProjectTests" */ = {
			isa = XCConfigurationList;
			buildConfigurations = (
				39FBB03D1E6FCFF8009AE7ED /* Debug */,
				39FBB03E1E6FCFF8009AE7ED /* Release */,
			);
			defaultConfigurationIsVisible = 0;
			defaultConfigurationName = Release;
		};
		39FBB03F1E6FCFF8009AE7ED /* Build configuration list for PBXNativeTarget "MobileTestProjectUITests" */ = {
			isa = XCConfigurationList;
			buildConfigurations = (
				39FBB0401E6FCFF8009AE7ED /* Debug */,
				39FBB0411E6FCFF8009AE7ED /* Release */,
			);
			defaultConfigurationIsVisible = 0;
			defaultConfigurationName = Release;
		};
/* End XCConfigurationList section */
	};
	rootObject = 39FBB0091E6FCFF7009AE7ED /* Project object */;
}
